dependencies:
- name: mariadb
  repository: https://charts.bitnami.com/bitnami
  version: 7.4.2
- name: zookeeper
  repository: https://charts.bitnami.com/bitnami
  version: 5.14.5
digest: sha256:9c5c43971b0f3706dee050ec436a742946a08fdb55329eaee80bf34ad3b5f62b
generated: "2020-05-29T10:47:24.770897681Z"
