dependencies:
- name: mariadb
  repository: https://kubernetes-charts.storage.googleapis.com/
  version: 6.4.3
- name: zookeeper
  repository: https://charts.bitnami.com/bitnami
  version: 3.0.3
digest: sha256:85a94f6b0287d20657377a19ca53a6a5fe6295f61f46501253ddef36a7b212e1
generated: 2019-06-13T10:20:00.743971945Z
